// !$*UTF8*$!
{
	archiveVersion = 1;
	classes = {
	};
	objectVersion = 46;
	objects = {

/* Begin PBXBuildFile section */
		FA1847821EB5D9350055D18C /* MovieContentCell.swift in Sources */ = {isa = PBXBuildFile; fileRef = FA1847811EB5D9350055D18C /* MovieContentCell.swift */; };
		FA216C5B1EB62964009BB979 /* OpeningScreenVC.swift in Sources */ = {isa = PBXBuildFile; fileRef = FA216C5A1EB62964009BB979 /* OpeningScreenVC.swift */; };
		FA216C5D1EB639F0009BB979 /* SingleMovieVC.swift in Sources */ = {isa = PBXBuildFile; fileRef = FA216C5C1EB639F0009BB979 /* SingleMovieVC.swift */; };
		FAE189C51EB0F1800006E673 /* AppDelegate.swift in Sources */ = {isa = PBXBuildFile; fileRef = FAE189C41EB0F1800006E673 /* AppDelegate.swift */; };
		FAE189C71EB0F1800006E673 /* ViewController.swift in Sources */ = {isa = PBXBuildFile; fileRef = FAE189C61EB0F1800006E673 /* ViewController.swift */; };
		FAE189CA1EB0F1800006E673 /* Main.storyboard in Resources */ = {isa = PBXBuildFile; fileRef = FAE189C81EB0F1800006E673 /* Main.storyboard */; };
		FAE189CC1EB0F1800006E673 /* Assets.xcassets in Resources */ = {isa = PBXBuildFile; fileRef = FAE189CB1EB0F1800006E673 /* Assets.xcassets */; };
		FAE189CF1EB0F1800006E673 /* LaunchScreen.storyboard in Resources */ = {isa = PBXBuildFile; fileRef = FAE189CD1EB0F1800006E673 /* LaunchScreen.storyboard */; };
/* End PBXBuildFile section */

/* Begin PBXFileReference section */
		FA1847811EB5D9350055D18C /* MovieContentCell.swift */ = {isa = PBXFileReference; fileEncoding = 4; lastKnownFileType = sourcecode.swift; path = MovieContentCell.swift; sourceTree = "<group>"; };
		FA216C5A1EB62964009BB979 /* OpeningScreenVC.swift */ = {isa = PBXFileReference; fileEncoding = 4; lastKnownFileType = sourcecode.swift; path = OpeningScreenVC.swift; sourceTree = "<group>"; };
		FA216C5C1EB639F0009BB979 /* SingleMovieVC.swift */ = {isa = PBXFileReference; fileEncoding = 4; lastKnownFileType = sourcecode.swift; path = SingleMovieVC.swift; sourceTree = "<group>"; };
		FAE189C11EB0F1800006E673 /* WatchList.app */ = {isa = PBXFileReference; explicitFileType = wrapper.application; includeInIndex = 0; path = WatchList.app; sourceTree = BUILT_PRODUCTS_DIR; };
		FAE189C41EB0F1800006E673 /* AppDelegate.swift */ = {isa = PBXFileReference; lastKnownFileType = sourcecode.swift; path = AppDelegate.swift; sourceTree = "<group>"; };
		FAE189C61EB0F1800006E673 /* ViewController.swift */ = {isa = PBXFileReference; lastKnownFileType = sourcecode.swift; path = ViewController.swift; sourceTree = "<group>"; };
		FAE189C91EB0F1800006E673 /* Base */ = {isa = PBXFileReference; lastKnownFileType = file.storyboard; name = Base; path = Base.lproj/Main.storyboard; sourceTree = "<group>"; };
		FAE189CB1EB0F1800006E673 /* Assets.xcassets */ = {isa = PBXFileReference; lastKnownFileType = folder.assetcatalog; path = Assets.xcassets; sourceTree = "<group>"; };
		FAE189CE1EB0F1800006E673 /* Base */ = {isa = PBXFileReference; lastKnownFileType = file.storyboard; name = Base; path = Base.lproj/LaunchScreen.storyboard; sourceTree = "<group>"; };
		FAE189D01EB0F1800006E673 /* Info.plist */ = {isa = PBXFileReference; lastKnownFileType = text.plist.xml; path = Info.plist; sourceTree = "<group>"; };
/* End PBXFileReference section */

/* Begin PBXFrameworksBuildPhase section */
		FAE189BE1EB0F1800006E673 /* Frameworks */ = {
			isa = PBXFrameworksBuildPhase;
			buildActionMask = 2147483647;
			files = (
			);
			runOnlyForDeploymentPostprocessing = 0;
		};
/* End PBXFrameworksBuildPhase section */

/* Begin PBXGroup section */
		FAE189B81EB0F1800006E673 = {
			isa = PBXGroup;
			children = (
				FAE189C31EB0F1800006E673 /* WatchList */,
				FAE189C21EB0F1800006E673 /* Products */,
			);
			sourceTree = "<group>";
		};
		FAE189C21EB0F1800006E673 /* Products */ = {
			isa = PBXGroup;
			children = (
				FAE189C11EB0F1800006E673 /* WatchList.app */,
			);
			name = Products;
			sourceTree = "<group>";
		};
		FAE189C31EB0F1800006E673 /* WatchList */ = {
			isa = PBXGroup;
			children = (
				FAE189C41EB0F1800006E673 /* AppDelegate.swift */,
				FAE189C61EB0F1800006E673 /* ViewController.swift */,
				FA216C5A1EB62964009BB979 /* OpeningScreenVC.swift */,
				FA216C5C1EB639F0009BB979 /* SingleMovieVC.swift */,
				FAE189C81EB0F1800006E673 /* Main.storyboard */,
				FA1847811EB5D9350055D18C /* MovieContentCell.swift */,
				FAE189CB1EB0F1800006E673 /* Assets.xcassets */,
				FAE189CD1EB0F1800006E673 /* LaunchScreen.storyboard */,
				FAE189D01EB0F1800006E673 /* Info.plist */,
			);
			path = WatchList;
			sourceTree = "<group>";
		};
/* End PBXGroup section */

/* Begin PBXNativeTarget section */
		FAE189C01EB0F1800006E673 /* WatchList */ = {
			isa = PBXNativeTarget;
			buildConfigurationList = FAE189D31EB0F1800006E673 /* Build configuration list for PBXNativeTarget "WatchList" */;
			buildPhases = (
				FAE189BD1EB0F1800006E673 /* Sources */,
				FAE189BE1EB0F1800006E673 /* Frameworks */,
				FAE189BF1EB0F1800006E673 /* Resources */,
			);
			buildRules = (
			);
			dependencies = (
			);
			name = WatchList;
			productName = WatchList;
			productReference = FAE189C11EB0F1800006E673 /* WatchList.app */;
			productType = "com.apple.product-type.application";
		};
/* End PBXNativeTarget section */

/* Begin PBXProject section */
		FAE189B91EB0F1800006E673 /* Project object */ = {
			isa = PBXProject;
			attributes = {
				LastSwiftUpdateCheck = 0830;
				LastUpgradeCheck = 0830;
				ORGANIZATIONNAME = "Alexander Rinne";
				TargetAttributes = {
					FAE189C01EB0F1800006E673 = {
						CreatedOnToolsVersion = 8.3;
						ProvisioningStyle = Automatic;
					};
				};
			};
			buildConfigurationList = FAE189BC1EB0F1800006E673 /* Build configuration list for PBXProject "WatchList" */;
			compatibilityVersion = "Xcode 3.2";
			developmentRegion = English;
			hasScannedForEncodings = 0;
			knownRegions = (
				en,
				Base,
			);
			mainGroup = FAE189B81EB0F1800006E673;
			productRefGroup = FAE189C21EB0F1800006E673 /* Products */;
			projectDirPath = "";
			projectRoot = "";
			targets = (
				FAE189C01EB0F1800006E673 /* WatchList */,
			);
		};
/* End PBXProject section */

/* Begin PBXResourcesBuildPhase section */
		FAE189BF1EB0F1800006E673 /* Resources */ = {
			isa = PBXResourcesBuildPhase;
			buildActionMask = 2147483647;
			files = (
				FAE189CF1EB0F1800006E673 /* LaunchScreen.storyboard in Resources */,
				FAE189CC1EB0F1800006E673 /* Assets.xcassets in Resources */,
				FAE189CA1EB0F1800006E673 /* Main.storyboard in Resources */,
			);
			runOnlyForDeploymentPostprocessing = 0;
		};
/* End PBXResourcesBuildPhase section */

/* Begin PBXSourcesBuildPhase section */
		FAE189BD1EB0F1800006E673 /* Sources */ = {
			isa = PBXSourcesBuildPhase;
			buildActionMask = 2147483647;
			files = (
				FAE189C71EB0F1800006E673 /* ViewController.swift in Sources */,
				FA216C5B1EB62964009BB979 /* OpeningScreenVC.swift in Sources */,
				FA1847821EB5D9350055D18C /* MovieContentCell.swift in Sources */,
				FA216C5D1EB639F0009BB979 /* SingleMovieVC.swift in Sources */,
				FAE189C51EB0F1800006E673 /* AppDelegate.swift in Sources */,
			);
			runOnlyForDeploymentPostprocessing = 0;
		};
/* End PBXSourcesBuildPhase section */

/* Begin PBXVariantGroup section */
		FAE189C81EB0F1800006E673 /* Main.storyboard */ = {
			isa = PBXVariantGroup;
			children = (
				FAE189C91EB0F1800006E673 /* Base */,
			);
			name = Main.storyboard;
			sourceTree = "<group>";
		};
		FAE189CD1EB0F1800006E673 /* LaunchScreen.storyboard */ = {
			isa = PBXVariantGroup;
			children = (
				FAE189CE1EB0F1800006E673 /* Base */,
			);
			name = LaunchScreen.storyboard;
			sourceTree = "<group>";
		};
/* End PBXVariantGroup section */

/* Begin XCBuildConfiguration section */
		FAE189D11EB0F1800006E673 /* Debug */ = {
			isa = XCBuildConfiguration;
			buildSettings = {
				ALWAYS_SEARCH_USER_PATHS = NO;
				CLANG_ANALYZER_NONNULL = YES;
				CLANG_ANALYZER_NUMBER_OBJECT_CONVERSION = YES_AGGRESSIVE;
				CLANG_CXX_LANGUAGE_STANDARD = "gnu++0x";
				CLANG_CXX_LIBRARY = "libc++";
				CLANG_ENABLE_MODULES = YES;
				CLANG_ENABLE_OBJC_ARC = YES;
				CLANG_WARN_BOOL_CONVERSION = YES;
				CLANG_WARN_CONSTANT_CONVERSION = YES;
				CLANG_WARN_DIRECT_OBJC_ISA_USAGE = YES_ERROR;
				CLANG_WARN_DOCUMENTATION_COMMENTS = YES;
				CLANG_WARN_EMPTY_BODY = YES;
				CLANG_WARN_ENUM_CONVERSION = YES;
				CLANG_WARN_INFINITE_RECURSION = YES;
				CLANG_WARN_INT_CONVERSION = YES;
				CLANG_WARN_OBJC_ROOT_CLASS = YES_ERROR;
				CLANG_WARN_SUSPICIOUS_MOVE = YES;
				CLANG_WARN_UNREACHABLE_CODE = YES;
				CLANG_WARN__DUPLICATE_METHOD_MATCH = YES;
				"CODE_SIGN_IDENTITY[sdk=iphoneos*]" = "iPhone Developer";
				COPY_PHASE_STRIP = NO;
				DEBUG_INFORMATION_FORMAT = dwarf;
				ENABLE_STRICT_OBJC_MSGSEND = YES;
				ENABLE_TESTABILITY = YES;
				GCC_C_LANGUAGE_STANDARD = gnu99;
				GCC_DYNAMIC_NO_PIC = NO;
				GCC_NO_COMMON_BLOCKS = YES;
				GCC_OPTIMIZATION_LEVEL = 0;
				GCC_PREPROCESSOR_DEFINITIONS = (
					"DEBUG=1",
					"$(inherited)",
				);
				GCC_WARN_64_TO_32_BIT_CONVERSION = YES;
				GCC_WARN_ABOUT_RETURN_TYPE = YES_ERROR;
				GCC_WARN_UNDECLARED_SELECTOR = YES;
				GCC_WARN_UNINITIALIZED_AUTOS = YES_AGGRESSIVE;
				GCC_WARN_UNUSED_FUNCTION = YES;
				GCC_WARN_UNUSED_VARIABLE = YES;
				IPHONEOS_DEPLOYMENT_TARGET = 10.3;
				MTL_ENABLE_DEBUG_INFO = YES;
				ONLY_ACTIVE_ARCH = YES;
				SDKROOT = iphoneos;
				SWIFT_ACTIVE_COMPILATION_CONDITIONS = DEBUG;
				SWIFT_OPTIMIZATION_LEVEL = "-Onone";
				TARGETED_DEVICE_FAMILY = "1,2";
			};
			name = Debug;
		};
		FAE189D21EB0F1800006E673 /* Release */ = {
			isa = XCBuildConfiguration;
			buildSettings = {
				ALWAYS_SEARCH_USER_PATHS = NO;
				CLANG_ANALYZER_NONNULL = YES;
				CLANG_ANALYZER_NUMBER_OBJECT_CONVERSION = YES_AGGRESSIVE;
				CLANG_CXX_LANGUAGE_STANDARD = "gnu++0x";
				CLANG_CXX_LIBRARY = "libc++";
				CLANG_ENABLE_MODULES = YES;
				CLANG_ENABLE_OBJC_ARC = YES;
				CLANG_WARN_BOOL_CONVERSION = YES;
				CLANG_WARN_CONSTANT_CONVERSION = YES;
				CLANG_WARN_DIRECT_OBJC_ISA_USAGE = YES_ERROR;
				CLANG_WARN_DOCUMENTATION_COMMENTS = YES;
				CLANG_WARN_EMPTY_BODY = YES;
				CLANG_WARN_ENUM_CONVERSION = YES;
				CLANG_WARN_INFINITE_RECURSION = YES;
				CLANG_WARN_INT_CONVERSION = YES;
				CLANG_WARN_OBJC_ROOT_CLASS = YES_ERROR;
				CLANG_WARN_SUSPICIOUS_MOVE = YES;
				CLANG_WARN_UNREACHABLE_CODE = YES;
				CLANG_WARN__DUPLICATE_METHOD_MATCH = YES;
				"CODE_SIGN_IDENTITY[sdk=iphoneos*]" = "iPhone Developer";
				COPY_PHASE_STRIP = NO;
				DEBUG_INFORMATION_FORMAT = "dwarf-with-dsym";
				ENABLE_NS_ASSERTIONS = NO;
				ENABLE_STRICT_OBJC_MSGSEND = YES;
				GCC_C_LANGUAGE_STANDARD = gnu99;
				GCC_NO_COMMON_BLOCKS = YES;
				GCC_WARN_64_TO_32_BIT_CONVERSION = YES;
				GCC_WARN_ABOUT_RETURN_TYPE = YES_ERROR;
				GCC_WARN_UNDECLARED_SELECTOR = YES;
				GCC_WARN_UNINITIALIZED_AUTOS = YES_AGGRESSIVE;
				GCC_WARN_UNUSED_FUNCTION = YES;
				GCC_WARN_UNUSED_VARIABLE = YES;
				IPHONEOS_DEPLOYMENT_TARGET = 10.3;
				MTL_ENABLE_DEBUG_INFO = NO;
				SDKROOT = iphoneos;
				SWIFT_OPTIMIZATION_LEVEL = "-Owholemodule";
				TARGETED_DEVICE_FAMILY = "1,2";
				VALIDATE_PRODUCT = YES;
			};
			name = Release;
		};
		FAE189D41EB0F1800006E673 /* Debug */ = {
			isa = XCBuildConfiguration;
			buildSettings = {
				ASSETCATALOG_COMPILER_APPICON_NAME = AppIcon;
				INFOPLIST_FILE = WatchList/Info.plist;
				LD_RUNPATH_SEARCH_PATHS = "$(inherited) @executable_path/Frameworks";
				PRODUCT_BUNDLE_IDENTIFIER = nl.mprog.WatchList;
				PRODUCT_NAME = "$(TARGET_NAME)";
				SWIFT_VERSION = 3.0;
			};
			name = Debug;
		};
		FAE189D51EB0F1800006E673 /* Release */ = {
			isa = XCBuildConfiguration;
			buildSettings = {
				ASSETCATALOG_COMPILER_APPICON_NAME = AppIcon;
				INFOPLIST_FILE = WatchList/Info.plist;
				LD_RUNPATH_SEARCH_PATHS = "$(inherited) @executable_path/Frameworks";
				PRODUCT_BUNDLE_IDENTIFIER = nl.mprog.WatchList;
				PRODUCT_NAME = "$(TARGET_NAME)";
				SWIFT_VERSION = 3.0;
			};
			name = Release;
		};
/* End XCBuildConfiguration section */

/* Begin XCConfigurationList section */
		FAE189BC1EB0F1800006E673 /* Build configuration list for PBXProject "WatchList" */ = {
			isa = XCConfigurationList;
			buildConfigurations = (
				FAE189D11EB0F1800006E673 /* Debug */,
				FAE189D21EB0F1800006E673 /* Release */,
			);
			defaultConfigurationIsVisible = 0;
			defaultConfigurationName = Release;
		};
		FAE189D31EB0F1800006E673 /* Build configuration list for PBXNativeTarget "WatchList" */ = {
			isa = XCConfigurationList;
			buildConfigurations = (
				FAE189D41EB0F1800006E673 /* Debug */,
				FAE189D51EB0F1800006E673 /* Release */,
			);
			defaultConfigurationIsVisible = 0;
			defaultConfigurationName = Release;
		};
/* End XCConfigurationList section */
	};
	rootObject = FAE189B91EB0F1800006E673 /* Project object */;
}
